
Microsoft Visual Studio Solution File, Format Version 12.00
# Visual Studio Version 17
VisualStudioVersion = 17.11.35222.181
MinimumVisualStudioVersion = 10.0.40219.1
Project("{FAE04EC0-301F-11D3-BF4B-00C04F79EFBC}") = "Gneric collection", "Gneric collection.csproj", "{A1B8F0E0-5A29-4FEB-853E-BB78ABD18A33}"
EndProject
Global
	GlobalSection(SolutionConfigurationPlatforms) = preSolution
		Debug|Any CPU = Debug|Any CPU
		Release|Any CPU = Release|Any CPU
	EndGlobalSection
	GlobalSection(ProjectConfigurationPlatforms) = postSolution
		{A1B8F0E0-5A29-4FEB-853E-BB78ABD18A33}.Debug|Any CPU.ActiveCfg = Debug|Any CPU
		{A1B8F0E0-5A29-4FEB-853E-BB78ABD18A33}.Debug|Any CPU.Build.0 = Debug|Any CPU
		{A1B8F0E0-5A29-4FEB-853E-BB78ABD18A33}.Release|Any CPU.ActiveCfg = Release|Any CPU
		{A1B8F0E0-5A29-4FEB-853E-BB78ABD18A33}.Release|Any CPU.Build.0 = Release|Any CPU
	EndGlobalSection
	GlobalSection(SolutionProperties) = preSolution
		HideSolutionNode = FALSE
	EndGlobalSection
	GlobalSection(ExtensibilityGlobals) = postSolution
		SolutionGuid = {9E8E976C-2F64-4073-9A46-903D154CDB75}
	EndGlobalSection
EndGlobal
