
Microsoft Visual Studio Solution File, Format Version 12.00
# Visual Studio Version 17
VisualStudioVersion = 17.10.35122.118
MinimumVisualStudioVersion = 10.0.40219.1
Project("{FAE04EC0-301F-11D3-BF4B-00C04F79EFBC}") = "more on method overrding", "more on method overrding.csproj", "{7C96C0AA-A8D2-4310-B6D3-8A333CC72D71}"
EndProject
Global
	GlobalSection(SolutionConfigurationPlatforms) = preSolution
		Debug|Any CPU = Debug|Any CPU
		Release|Any CPU = Release|Any CPU
	EndGlobalSection
	GlobalSection(ProjectConfigurationPlatforms) = postSolution
		{7C96C0AA-A8D2-4310-B6D3-8A333CC72D71}.Debug|Any CPU.ActiveCfg = Debug|Any CPU
		{7C96C0AA-A8D2-4310-B6D3-8A333CC72D71}.Debug|Any CPU.Build.0 = Debug|Any CPU
		{7C96C0AA-A8D2-4310-B6D3-8A333CC72D71}.Release|Any CPU.ActiveCfg = Release|Any CPU
		{7C96C0AA-A8D2-4310-B6D3-8A333CC72D71}.Release|Any CPU.Build.0 = Release|Any CPU
	EndGlobalSection
	GlobalSection(SolutionProperties) = preSolution
		HideSolutionNode = FALSE
	EndGlobalSection
	GlobalSection(ExtensibilityGlobals) = postSolution
		SolutionGuid = {FE64D7D1-3571-4350-B06C-EE097D69DDDB}
	EndGlobalSection
EndGlobal
