
Microsoft Visual Studio Solution File, Format Version 12.00
# Visual Studio Version 17
VisualStudioVersion = 17.10.35122.118
MinimumVisualStudioVersion = 10.0.40219.1
Project("{FAE04EC0-301F-11D3-BF4B-00C04F79EFBC}") = "Jump statement break continue goto", "Jump statement break continue goto.csproj", "{0E0FA132-1636-458B-BED7-216CDE1ED4B6}"
EndProject
Global
	GlobalSection(SolutionConfigurationPlatforms) = preSolution
		Debug|Any CPU = Debug|Any CPU
		Release|Any CPU = Release|Any CPU
	EndGlobalSection
	GlobalSection(ProjectConfigurationPlatforms) = postSolution
		{0E0FA132-1636-458B-BED7-216CDE1ED4B6}.Debug|Any CPU.ActiveCfg = Debug|Any CPU
		{0E0FA132-1636-458B-BED7-216CDE1ED4B6}.Debug|Any CPU.Build.0 = Debug|Any CPU
		{0E0FA132-1636-458B-BED7-216CDE1ED4B6}.Release|Any CPU.ActiveCfg = Release|Any CPU
		{0E0FA132-1636-458B-BED7-216CDE1ED4B6}.Release|Any CPU.Build.0 = Release|Any CPU
	EndGlobalSection
	GlobalSection(SolutionProperties) = preSolution
		HideSolutionNode = FALSE
	EndGlobalSection
	GlobalSection(ExtensibilityGlobals) = postSolution
		SolutionGuid = {0B7FE150-A7FA-413D-B568-67EB2EC88E08}
	EndGlobalSection
EndGlobal
