
Microsoft Visual Studio Solution File, Format Version 12.00
# Visual Studio Version 17
VisualStudioVersion = 17.10.35122.118
MinimumVisualStudioVersion = 10.0.40219.1
Project("{FAE04EC0-301F-11D3-BF4B-00C04F79EFBC}") = "IncrementDecrimentTernaryOperator", "IncrementDecrimentTernaryOperator.csproj", "{33F92D8A-0ED0-460B-B8DA-31308C50911A}"
EndProject
Global
	GlobalSection(SolutionConfigurationPlatforms) = preSolution
		Debug|Any CPU = Debug|Any CPU
		Release|Any CPU = Release|Any CPU
	EndGlobalSection
	GlobalSection(ProjectConfigurationPlatforms) = postSolution
		{33F92D8A-0ED0-460B-B8DA-31308C50911A}.Debug|Any CPU.ActiveCfg = Debug|Any CPU
		{33F92D8A-0ED0-460B-B8DA-31308C50911A}.Debug|Any CPU.Build.0 = Debug|Any CPU
		{33F92D8A-0ED0-460B-B8DA-31308C50911A}.Release|Any CPU.ActiveCfg = Release|Any CPU
		{33F92D8A-0ED0-460B-B8DA-31308C50911A}.Release|Any CPU.Build.0 = Release|Any CPU
	EndGlobalSection
	GlobalSection(SolutionProperties) = preSolution
		HideSolutionNode = FALSE
	EndGlobalSection
	GlobalSection(ExtensibilityGlobals) = postSolution
		SolutionGuid = {222C0643-8B34-4151-972C-7EEC74C9CAB6}
	EndGlobalSection
EndGlobal
