
Microsoft Visual Studio Solution File, Format Version 12.00
# Visual Studio Version 17
VisualStudioVersion = 17.10.35122.118
MinimumVisualStudioVersion = 10.0.40219.1
Project("{FAE04EC0-301F-11D3-BF4B-00C04F79EFBC}") = "Destructor", "Destructor.csproj", "{A9AB2C1D-4705-460F-ADE4-A5DA9C284D48}"
EndProject
Global
	GlobalSection(SolutionConfigurationPlatforms) = preSolution
		Debug|Any CPU = Debug|Any CPU
		Release|Any CPU = Release|Any CPU
	EndGlobalSection
	GlobalSection(ProjectConfigurationPlatforms) = postSolution
		{A9AB2C1D-4705-460F-ADE4-A5DA9C284D48}.Debug|Any CPU.ActiveCfg = Debug|Any CPU
		{A9AB2C1D-4705-460F-ADE4-A5DA9C284D48}.Debug|Any CPU.Build.0 = Debug|Any CPU
		{A9AB2C1D-4705-460F-ADE4-A5DA9C284D48}.Release|Any CPU.ActiveCfg = Release|Any CPU
		{A9AB2C1D-4705-460F-ADE4-A5DA9C284D48}.Release|Any CPU.Build.0 = Release|Any CPU
	EndGlobalSection
	GlobalSection(SolutionProperties) = preSolution
		HideSolutionNode = FALSE
	EndGlobalSection
	GlobalSection(ExtensibilityGlobals) = postSolution
		SolutionGuid = {21EC782E-AED4-42C8-82D4-5DAF0FE6308C}
	EndGlobalSection
EndGlobal
