
Microsoft Visual Studio Solution File, Format Version 12.00
# Visual Studio Version 17
VisualStudioVersion = 17.10.35122.118
MinimumVisualStudioVersion = 10.0.40219.1
Project("{FAE04EC0-301F-11D3-BF4B-00C04F79EFBC}") = "Constructor Inheritance", "Constructor Inheritance.csproj", "{0BD86AE7-813E-4503-9130-BD48FB0C757B}"
EndProject
Global
	GlobalSection(SolutionConfigurationPlatforms) = preSolution
		Debug|Any CPU = Debug|Any CPU
		Release|Any CPU = Release|Any CPU
	EndGlobalSection
	GlobalSection(ProjectConfigurationPlatforms) = postSolution
		{0BD86AE7-813E-4503-9130-BD48FB0C757B}.Debug|Any CPU.ActiveCfg = Debug|Any CPU
		{0BD86AE7-813E-4503-9130-BD48FB0C757B}.Debug|Any CPU.Build.0 = Debug|Any CPU
		{0BD86AE7-813E-4503-9130-BD48FB0C757B}.Release|Any CPU.ActiveCfg = Release|Any CPU
		{0BD86AE7-813E-4503-9130-BD48FB0C757B}.Release|Any CPU.Build.0 = Release|Any CPU
	EndGlobalSection
	GlobalSection(SolutionProperties) = preSolution
		HideSolutionNode = FALSE
	EndGlobalSection
	GlobalSection(ExtensibilityGlobals) = postSolution
		SolutionGuid = {C12F5FAC-3133-4BDE-8630-C91B1ED7F606}
	EndGlobalSection
EndGlobal
