
Microsoft Visual Studio Solution File, Format Version 12.00
# Visual Studio Version 17
VisualStudioVersion = 17.10.35122.118
MinimumVisualStudioVersion = 10.0.40219.1
Project("{FAE04EC0-301F-11D3-BF4B-00C04F79EFBC}") = "Switch  case", "Switch  case.csproj", "{74754D9A-7ACC-43A8-AD8E-A340C7F3EBC1}"
EndProject
Global
	GlobalSection(SolutionConfigurationPlatforms) = preSolution
		Debug|Any CPU = Debug|Any CPU
		Release|Any CPU = Release|Any CPU
	EndGlobalSection
	GlobalSection(ProjectConfigurationPlatforms) = postSolution
		{74754D9A-7ACC-43A8-AD8E-A340C7F3EBC1}.Debug|Any CPU.ActiveCfg = Debug|Any CPU
		{74754D9A-7ACC-43A8-AD8E-A340C7F3EBC1}.Debug|Any CPU.Build.0 = Debug|Any CPU
		{74754D9A-7ACC-43A8-AD8E-A340C7F3EBC1}.Release|Any CPU.ActiveCfg = Release|Any CPU
		{74754D9A-7ACC-43A8-AD8E-A340C7F3EBC1}.Release|Any CPU.Build.0 = Release|Any CPU
	EndGlobalSection
	GlobalSection(SolutionProperties) = preSolution
		HideSolutionNode = FALSE
	EndGlobalSection
	GlobalSection(ExtensibilityGlobals) = postSolution
		SolutionGuid = {5DD28DBF-6696-48A7-8982-3F1F7516BBBE}
	EndGlobalSection
EndGlobal
