
Microsoft Visual Studio Solution File, Format Version 12.00
# Visual Studio Version 17
VisualStudioVersion = 17.10.35122.118
MinimumVisualStudioVersion = 10.0.40219.1
Project("{FAE04EC0-301F-11D3-BF4B-00C04F79EFBC}") = "Function", "Function.csproj", "{3249D909-8BFB-47E3-BA2D-0F0C95AE331E}"
EndProject
Global
	GlobalSection(SolutionConfigurationPlatforms) = preSolution
		Debug|Any CPU = Debug|Any CPU
		Release|Any CPU = Release|Any CPU
	EndGlobalSection
	GlobalSection(ProjectConfigurationPlatforms) = postSolution
		{3249D909-8BFB-47E3-BA2D-0F0C95AE331E}.Debug|Any CPU.ActiveCfg = Debug|Any CPU
		{3249D909-8BFB-47E3-BA2D-0F0C95AE331E}.Debug|Any CPU.Build.0 = Debug|Any CPU
		{3249D909-8BFB-47E3-BA2D-0F0C95AE331E}.Release|Any CPU.ActiveCfg = Release|Any CPU
		{3249D909-8BFB-47E3-BA2D-0F0C95AE331E}.Release|Any CPU.Build.0 = Release|Any CPU
	EndGlobalSection
	GlobalSection(SolutionProperties) = preSolution
		HideSolutionNode = FALSE
	EndGlobalSection
	GlobalSection(ExtensibilityGlobals) = postSolution
		SolutionGuid = {BCB857D5-6616-4E6E-94F2-8EC1442B1D4C}
	EndGlobalSection
EndGlobal
