
Microsoft Visual Studio Solution File, Format Version 12.00
# Visual Studio Version 17
VisualStudioVersion = 17.10.35122.118
MinimumVisualStudioVersion = 10.0.40219.1
Project("{FAE04EC0-301F-11D3-BF4B-00C04F79EFBC}") = "Public modifier", "Public modifier.csproj", "{617CAA55-148B-47BA-B090-C54B31C9B5BD}"
EndProject
Global
	GlobalSection(SolutionConfigurationPlatforms) = preSolution
		Debug|Any CPU = Debug|Any CPU
		Release|Any CPU = Release|Any CPU
	EndGlobalSection
	GlobalSection(ProjectConfigurationPlatforms) = postSolution
		{617CAA55-148B-47BA-B090-C54B31C9B5BD}.Debug|Any CPU.ActiveCfg = Debug|Any CPU
		{617CAA55-148B-47BA-B090-C54B31C9B5BD}.Debug|Any CPU.Build.0 = Debug|Any CPU
		{617CAA55-148B-47BA-B090-C54B31C9B5BD}.Release|Any CPU.ActiveCfg = Release|Any CPU
		{617CAA55-148B-47BA-B090-C54B31C9B5BD}.Release|Any CPU.Build.0 = Release|Any CPU
	EndGlobalSection
	GlobalSection(SolutionProperties) = preSolution
		HideSolutionNode = FALSE
	EndGlobalSection
	GlobalSection(ExtensibilityGlobals) = postSolution
		SolutionGuid = {E850D29E-4DE1-4998-B5F5-0191AD018333}
	EndGlobalSection
EndGlobal
