
Microsoft Visual Studio Solution File, Format Version 12.00
# Visual Studio Version 17
VisualStudioVersion = 17.11.35222.181
MinimumVisualStudioVersion = 10.0.40219.1
Project("{FAE04EC0-301F-11D3-BF4B-00C04F79EFBC}") = "more on partial class", "more on partial class.csproj", "{23450D0F-0113-426C-89F6-612CCAE2C550}"
EndProject
Global
	GlobalSection(SolutionConfigurationPlatforms) = preSolution
		Debug|Any CPU = Debug|Any CPU
		Release|Any CPU = Release|Any CPU
	EndGlobalSection
	GlobalSection(ProjectConfigurationPlatforms) = postSolution
		{23450D0F-0113-426C-89F6-612CCAE2C550}.Debug|Any CPU.ActiveCfg = Debug|Any CPU
		{23450D0F-0113-426C-89F6-612CCAE2C550}.Debug|Any CPU.Build.0 = Debug|Any CPU
		{23450D0F-0113-426C-89F6-612CCAE2C550}.Release|Any CPU.ActiveCfg = Release|Any CPU
		{23450D0F-0113-426C-89F6-612CCAE2C550}.Release|Any CPU.Build.0 = Release|Any CPU
	EndGlobalSection
	GlobalSection(SolutionProperties) = preSolution
		HideSolutionNode = FALSE
	EndGlobalSection
	GlobalSection(ExtensibilityGlobals) = postSolution
		SolutionGuid = {EE401DCA-2D92-4ADE-BD80-6A8830DF2086}
	EndGlobalSection
EndGlobal
