
Microsoft Visual Studio Solution File, Format Version 12.00
# Visual Studio Version 17
VisualStudioVersion = 17.11.35222.181
MinimumVisualStudioVersion = 10.0.40219.1
Project("{FAE04EC0-301F-11D3-BF4B-00C04F79EFBC}") = "Async await", "Async await.csproj", "{F485E0E8-A761-4D52-AA37-7B735D79083D}"
EndProject
Global
	GlobalSection(SolutionConfigurationPlatforms) = preSolution
		Debug|Any CPU = Debug|Any CPU
		Release|Any CPU = Release|Any CPU
	EndGlobalSection
	GlobalSection(ProjectConfigurationPlatforms) = postSolution
		{F485E0E8-A761-4D52-AA37-7B735D79083D}.Debug|Any CPU.ActiveCfg = Debug|Any CPU
		{F485E0E8-A761-4D52-AA37-7B735D79083D}.Debug|Any CPU.Build.0 = Debug|Any CPU
		{F485E0E8-A761-4D52-AA37-7B735D79083D}.Release|Any CPU.ActiveCfg = Release|Any CPU
		{F485E0E8-A761-4D52-AA37-7B735D79083D}.Release|Any CPU.Build.0 = Release|Any CPU
	EndGlobalSection
	GlobalSection(SolutionProperties) = preSolution
		HideSolutionNode = FALSE
	EndGlobalSection
	GlobalSection(ExtensibilityGlobals) = postSolution
		SolutionGuid = {48063B9D-656C-454D-9E37-77EDB9003AC0}
	EndGlobalSection
EndGlobal
