
Microsoft Visual Studio Solution File, Format Version 12.00
# Visual Studio Version 17
VisualStudioVersion = 17.11.35222.181
MinimumVisualStudioVersion = 10.0.40219.1
Project("{FAE04EC0-301F-11D3-BF4B-00C04F79EFBC}") = "More on Interface", "More on Interface.csproj", "{035CA7CB-D517-4F00-804F-9F0674A3A99D}"
EndProject
Global
	GlobalSection(SolutionConfigurationPlatforms) = preSolution
		Debug|Any CPU = Debug|Any CPU
		Release|Any CPU = Release|Any CPU
	EndGlobalSection
	GlobalSection(ProjectConfigurationPlatforms) = postSolution
		{035CA7CB-D517-4F00-804F-9F0674A3A99D}.Debug|Any CPU.ActiveCfg = Debug|Any CPU
		{035CA7CB-D517-4F00-804F-9F0674A3A99D}.Debug|Any CPU.Build.0 = Debug|Any CPU
		{035CA7CB-D517-4F00-804F-9F0674A3A99D}.Release|Any CPU.ActiveCfg = Release|Any CPU
		{035CA7CB-D517-4F00-804F-9F0674A3A99D}.Release|Any CPU.Build.0 = Release|Any CPU
	EndGlobalSection
	GlobalSection(SolutionProperties) = preSolution
		HideSolutionNode = FALSE
	EndGlobalSection
	GlobalSection(ExtensibilityGlobals) = postSolution
		SolutionGuid = {39EB71D9-DAE1-4E8F-A80E-5B2AF8B443B7}
	EndGlobalSection
EndGlobal
