
Microsoft Visual Studio Solution File, Format Version 12.00
# Visual Studio Version 17
VisualStudioVersion = 17.10.35122.118
MinimumVisualStudioVersion = 10.0.40219.1
Project("{FAE04EC0-301F-11D3-BF4B-00C04F79EFBC}") = "takingValueAndPrint", "takingValueAndPrint.csproj", "{2F4D14E2-8658-4C85-9BCB-B8F9A78A691C}"
EndProject
Global
	GlobalSection(SolutionConfigurationPlatforms) = preSolution
		Debug|Any CPU = Debug|Any CPU
		Release|Any CPU = Release|Any CPU
	EndGlobalSection
	GlobalSection(ProjectConfigurationPlatforms) = postSolution
		{2F4D14E2-8658-4C85-9BCB-B8F9A78A691C}.Debug|Any CPU.ActiveCfg = Debug|Any CPU
		{2F4D14E2-8658-4C85-9BCB-B8F9A78A691C}.Debug|Any CPU.Build.0 = Debug|Any CPU
		{2F4D14E2-8658-4C85-9BCB-B8F9A78A691C}.Release|Any CPU.ActiveCfg = Release|Any CPU
		{2F4D14E2-8658-4C85-9BCB-B8F9A78A691C}.Release|Any CPU.Build.0 = Release|Any CPU
	EndGlobalSection
	GlobalSection(SolutionProperties) = preSolution
		HideSolutionNode = FALSE
	EndGlobalSection
	GlobalSection(ExtensibilityGlobals) = postSolution
		SolutionGuid = {6FCF842A-8812-4390-B5D7-BB2C587DFE7A}
	EndGlobalSection
EndGlobal
