
Microsoft Visual Studio Solution File, Format Version 12.00
# Visual Studio Version 17
VisualStudioVersion = 17.10.35122.118
MinimumVisualStudioVersion = 10.0.40219.1
Project("{FAE04EC0-301F-11D3-BF4B-00C04F79EFBC}") = "Constructor Inheritance", "Constructor Inheritance.csproj", "{A799B3F6-5A9B-4759-A432-C2926E2DAFEE}"
EndProject
Global
	GlobalSection(SolutionConfigurationPlatforms) = preSolution
		Debug|Any CPU = Debug|Any CPU
		Release|Any CPU = Release|Any CPU
	EndGlobalSection
	GlobalSection(ProjectConfigurationPlatforms) = postSolution
		{A799B3F6-5A9B-4759-A432-C2926E2DAFEE}.Debug|Any CPU.ActiveCfg = Debug|Any CPU
		{A799B3F6-5A9B-4759-A432-C2926E2DAFEE}.Debug|Any CPU.Build.0 = Debug|Any CPU
		{A799B3F6-5A9B-4759-A432-C2926E2DAFEE}.Release|Any CPU.ActiveCfg = Release|Any CPU
		{A799B3F6-5A9B-4759-A432-C2926E2DAFEE}.Release|Any CPU.Build.0 = Release|Any CPU
	EndGlobalSection
	GlobalSection(SolutionProperties) = preSolution
		HideSolutionNode = FALSE
	EndGlobalSection
	GlobalSection(ExtensibilityGlobals) = postSolution
		SolutionGuid = {FF2A763D-12AF-43E5-B430-76F95279FED2}
	EndGlobalSection
EndGlobal
