
Microsoft Visual Studio Solution File, Format Version 12.00
# Visual Studio Version 17
VisualStudioVersion = 17.11.35222.181
MinimumVisualStudioVersion = 10.0.40219.1
Project("{FAE04EC0-301F-11D3-BF4B-00C04F79EFBC}") = "Async await", "Async await.csproj", "{FD0ED3BC-20AA-4333-8D61-4174CCB70008}"
EndProject
Global
	GlobalSection(SolutionConfigurationPlatforms) = preSolution
		Debug|Any CPU = Debug|Any CPU
		Release|Any CPU = Release|Any CPU
	EndGlobalSection
	GlobalSection(ProjectConfigurationPlatforms) = postSolution
		{FD0ED3BC-20AA-4333-8D61-4174CCB70008}.Debug|Any CPU.ActiveCfg = Debug|Any CPU
		{FD0ED3BC-20AA-4333-8D61-4174CCB70008}.Debug|Any CPU.Build.0 = Debug|Any CPU
		{FD0ED3BC-20AA-4333-8D61-4174CCB70008}.Release|Any CPU.ActiveCfg = Release|Any CPU
		{FD0ED3BC-20AA-4333-8D61-4174CCB70008}.Release|Any CPU.Build.0 = Release|Any CPU
	EndGlobalSection
	GlobalSection(SolutionProperties) = preSolution
		HideSolutionNode = FALSE
	EndGlobalSection
	GlobalSection(ExtensibilityGlobals) = postSolution
		SolutionGuid = {F1DC3532-FE94-4F87-AE49-5FAB408E3378}
	EndGlobalSection
EndGlobal
