
Microsoft Visual Studio Solution File, Format Version 12.00
# Visual Studio Version 17
VisualStudioVersion = 17.11.35222.181
MinimumVisualStudioVersion = 10.0.40219.1
Project("{FAE04EC0-301F-11D3-BF4B-00C04F79EFBC}") = "HashTable   NonGenric", "HashTable   NonGenric.csproj", "{F09C9657-3257-433D-A4CD-6964401DFAB2}"
EndProject
Global
	GlobalSection(SolutionConfigurationPlatforms) = preSolution
		Debug|Any CPU = Debug|Any CPU
		Release|Any CPU = Release|Any CPU
	EndGlobalSection
	GlobalSection(ProjectConfigurationPlatforms) = postSolution
		{F09C9657-3257-433D-A4CD-6964401DFAB2}.Debug|Any CPU.ActiveCfg = Debug|Any CPU
		{F09C9657-3257-433D-A4CD-6964401DFAB2}.Debug|Any CPU.Build.0 = Debug|Any CPU
		{F09C9657-3257-433D-A4CD-6964401DFAB2}.Release|Any CPU.ActiveCfg = Release|Any CPU
		{F09C9657-3257-433D-A4CD-6964401DFAB2}.Release|Any CPU.Build.0 = Release|Any CPU
	EndGlobalSection
	GlobalSection(SolutionProperties) = preSolution
		HideSolutionNode = FALSE
	EndGlobalSection
	GlobalSection(ExtensibilityGlobals) = postSolution
		SolutionGuid = {258CDFEB-AF09-408C-AD4A-C1B2A8BFB70E}
	EndGlobalSection
EndGlobal
